
Microsoft Visual Studio Solution File, Format Version 12.00
# Visual Studio Version 17
VisualStudioVersion = 17.12.35527.113 d17.12
MinimumVisualStudioVersion = 10.0.40219.1
Project("{FAE04EC0-301F-11D3-BF4B-00C04F79EFBC}") = "Programa1", "Programa1\Programa1.csproj", "{4606EAB2-C297-4CBB-AC67-B969CB50D3F9}"
EndProject
Project("{FAE04EC0-301F-11D3-BF4B-00C04F79EFBC}") = "Programa2", "Programa2\Programa2.csproj", "{3193C0BB-5893-4D03-9A43-55A3BECF2537}"
EndProject
Global
	GlobalSection(SolutionConfigurationPlatforms) = preSolution
		Debug|Any CPU = Debug|Any CPU
		Release|Any CPU = Release|Any CPU
	EndGlobalSection
	GlobalSection(ProjectConfigurationPlatforms) = postSolution
		{4606EAB2-C297-4CBB-AC67-B969CB50D3F9}.Debug|Any CPU.ActiveCfg = Debug|Any CPU
		{4606EAB2-C297-4CBB-AC67-B969CB50D3F9}.Debug|Any CPU.Build.0 = Debug|Any CPU
		{4606EAB2-C297-4CBB-AC67-B969CB50D3F9}.Release|Any CPU.ActiveCfg = Release|Any CPU
		{4606EAB2-C297-4CBB-AC67-B969CB50D3F9}.Release|Any CPU.Build.0 = Release|Any CPU
		{3193C0BB-5893-4D03-9A43-55A3BECF2537}.Debug|Any CPU.ActiveCfg = Debug|Any CPU
		{3193C0BB-5893-4D03-9A43-55A3BECF2537}.Debug|Any CPU.Build.0 = Debug|Any CPU
		{3193C0BB-5893-4D03-9A43-55A3BECF2537}.Release|Any CPU.ActiveCfg = Release|Any CPU
		{3193C0BB-5893-4D03-9A43-55A3BECF2537}.Release|Any CPU.Build.0 = Release|Any CPU
	EndGlobalSection
	GlobalSection(SolutionProperties) = preSolution
		HideSolutionNode = FALSE
	EndGlobalSection
EndGlobal
