
Microsoft Visual Studio Solution File, Format Version 12.00
# Visual Studio Version 18
VisualStudioVersion = 18.3.11520.95 d18.3
MinimumVisualStudioVersion = 10.0.40219.1
Project("{FAE04EC0-301F-11D3-BF4B-00C04F79EFBC}") = "Programa1", "Programa1\Programa1.csproj", "{4606EAB2-C297-4CBB-AC67-B969CB50D3F9}"
EndProject
Project("{FAE04EC0-301F-11D3-BF4B-00C04F79EFBC}") = "Programa2", "Programa2\Programa2.csproj", "{3193C0BB-5893-4D03-9A43-55A3BECF2537}"
EndProject
Project("{FAE04EC0-301F-11D3-BF4B-00C04F79EFBC}") = "Programa3", "Programa3\Programa3.csproj", "{13DDCA04-5447-494E-BA97-2C3247B46179}"
EndProject
Project("{FAE04EC0-301F-11D3-BF4B-00C04F79EFBC}") = "Programa4", "Programa4\Programa4.csproj", "{3E32F868-BB77-4AC9-80B9-13805D61DD94}"
EndProject
Project("{FAE04EC0-301F-11D3-BF4B-00C04F79EFBC}") = "Programa5", "Programa5\Programa5.csproj", "{08ADA331-D596-4ADF-96EB-4DA521394800}"
EndProject
Project("{FAE04EC0-301F-11D3-BF4B-00C04F79EFBC}") = "Programa6", "Programa6\Programa6.csproj", "{317DA58A-7CC3-4CB1-9BF3-EC285A952325}"
EndProject
Project("{FAE04EC0-301F-11D3-BF4B-00C04F79EFBC}") = "Programa7", "Programa7\Programa7.csproj", "{53F86B69-90C8-449F-B5A0-57C7AD1B0A5E}"
EndProject
Project("{FAE04EC0-301F-11D3-BF4B-00C04F79EFBC}") = "Programa8", "Programa8\Programa8.csproj", "{77ECF240-B0DF-4BD5-ACE0-F0940A950532}"
EndProject
Project("{FAE04EC0-301F-11D3-BF4B-00C04F79EFBC}") = "Programa9", "Programa9\Programa9.csproj", "{0F5335A2-5E09-4731-9260-4AFBC7E5836E}"
EndProject
Project("{FAE04EC0-301F-11D3-BF4B-00C04F79EFBC}") = "Programa10", "Programa10\Programa10.csproj", "{E119C389-9416-4DA0-8A30-736308FB6842}"
EndProject
Global
	GlobalSection(SolutionConfigurationPlatforms) = preSolution
		Debug|Any CPU = Debug|Any CPU
		Release|Any CPU = Release|Any CPU
	EndGlobalSection
	GlobalSection(ProjectConfigurationPlatforms) = postSolution
		{4606EAB2-C297-4CBB-AC67-B969CB50D3F9}.Debug|Any CPU.ActiveCfg = Debug|Any CPU
		{4606EAB2-C297-4CBB-AC67-B969CB50D3F9}.Debug|Any CPU.Build.0 = Debug|Any CPU
		{4606EAB2-C297-4CBB-AC67-B969CB50D3F9}.Release|Any CPU.ActiveCfg = Release|Any CPU
		{4606EAB2-C297-4CBB-AC67-B969CB50D3F9}.Release|Any CPU.Build.0 = Release|Any CPU
		{3193C0BB-5893-4D03-9A43-55A3BECF2537}.Debug|Any CPU.ActiveCfg = Debug|Any CPU
		{3193C0BB-5893-4D03-9A43-55A3BECF2537}.Debug|Any CPU.Build.0 = Debug|Any CPU
		{3193C0BB-5893-4D03-9A43-55A3BECF2537}.Release|Any CPU.ActiveCfg = Release|Any CPU
		{3193C0BB-5893-4D03-9A43-55A3BECF2537}.Release|Any CPU.Build.0 = Release|Any CPU
		{13DDCA04-5447-494E-BA97-2C3247B46179}.Debug|Any CPU.ActiveCfg = Debug|Any CPU
		{13DDCA04-5447-494E-BA97-2C3247B46179}.Debug|Any CPU.Build.0 = Debug|Any CPU
		{13DDCA04-5447-494E-BA97-2C3247B46179}.Release|Any CPU.ActiveCfg = Release|Any CPU
		{13DDCA04-5447-494E-BA97-2C3247B46179}.Release|Any CPU.Build.0 = Release|Any CPU
		{3E32F868-BB77-4AC9-80B9-13805D61DD94}.Debug|Any CPU.ActiveCfg = Debug|Any CPU
		{3E32F868-BB77-4AC9-80B9-13805D61DD94}.Debug|Any CPU.Build.0 = Debug|Any CPU
		{3E32F868-BB77-4AC9-80B9-13805D61DD94}.Release|Any CPU.ActiveCfg = Release|Any CPU
		{3E32F868-BB77-4AC9-80B9-13805D61DD94}.Release|Any CPU.Build.0 = Release|Any CPU
		{08ADA331-D596-4ADF-96EB-4DA521394800}.Debug|Any CPU.ActiveCfg = Debug|Any CPU
		{08ADA331-D596-4ADF-96EB-4DA521394800}.Debug|Any CPU.Build.0 = Debug|Any CPU
		{08ADA331-D596-4ADF-96EB-4DA521394800}.Release|Any CPU.ActiveCfg = Release|Any CPU
		{08ADA331-D596-4ADF-96EB-4DA521394800}.Release|Any CPU.Build.0 = Release|Any CPU
		{317DA58A-7CC3-4CB1-9BF3-EC285A952325}.Debug|Any CPU.ActiveCfg = Debug|Any CPU
		{317DA58A-7CC3-4CB1-9BF3-EC285A952325}.Debug|Any CPU.Build.0 = Debug|Any CPU
		{317DA58A-7CC3-4CB1-9BF3-EC285A952325}.Release|Any CPU.ActiveCfg = Release|Any CPU
		{317DA58A-7CC3-4CB1-9BF3-EC285A952325}.Release|Any CPU.Build.0 = Release|Any CPU
		{53F86B69-90C8-449F-B5A0-57C7AD1B0A5E}.Debug|Any CPU.ActiveCfg = Debug|Any CPU
		{53F86B69-90C8-449F-B5A0-57C7AD1B0A5E}.Debug|Any CPU.Build.0 = Debug|Any CPU
		{53F86B69-90C8-449F-B5A0-57C7AD1B0A5E}.Release|Any CPU.ActiveCfg = Release|Any CPU
		{53F86B69-90C8-449F-B5A0-57C7AD1B0A5E}.Release|Any CPU.Build.0 = Release|Any CPU
		{77ECF240-B0DF-4BD5-ACE0-F0940A950532}.Debug|Any CPU.ActiveCfg = Debug|Any CPU
		{77ECF240-B0DF-4BD5-ACE0-F0940A950532}.Debug|Any CPU.Build.0 = Debug|Any CPU
		{77ECF240-B0DF-4BD5-ACE0-F0940A950532}.Release|Any CPU.ActiveCfg = Release|Any CPU
		{77ECF240-B0DF-4BD5-ACE0-F0940A950532}.Release|Any CPU.Build.0 = Release|Any CPU
		{0F5335A2-5E09-4731-9260-4AFBC7E5836E}.Debug|Any CPU.ActiveCfg = Debug|Any CPU
		{0F5335A2-5E09-4731-9260-4AFBC7E5836E}.Debug|Any CPU.Build.0 = Debug|Any CPU
		{0F5335A2-5E09-4731-9260-4AFBC7E5836E}.Release|Any CPU.ActiveCfg = Release|Any CPU
		{0F5335A2-5E09-4731-9260-4AFBC7E5836E}.Release|Any CPU.Build.0 = Release|Any CPU
		{E119C389-9416-4DA0-8A30-736308FB6842}.Debug|Any CPU.ActiveCfg = Debug|Any CPU
		{E119C389-9416-4DA0-8A30-736308FB6842}.Debug|Any CPU.Build.0 = Debug|Any CPU
		{E119C389-9416-4DA0-8A30-736308FB6842}.Release|Any CPU.ActiveCfg = Release|Any CPU
		{E119C389-9416-4DA0-8A30-736308FB6842}.Release|Any CPU.Build.0 = Release|Any CPU
	EndGlobalSection
	GlobalSection(SolutionProperties) = preSolution
		HideSolutionNode = FALSE
	EndGlobalSection
	GlobalSection(ExtensibilityGlobals) = postSolution
		SolutionGuid = {C5BD0F0B-607F-4DE5-B856-CABE5318EC1F}
	EndGlobalSection
EndGlobal
